{
  "name": "p5-template",
  "lockfileVersion": 2,
  "requires": true,
  "packages": {
    "": {
      "name": "p5-template",
      "dependencies": {
        "@types/dat.gui": "^0.7.6",
        "@types/p5": "^0.9.1"
      }
    },
    "node_modules/@types/dat.gui": {
      "version": "0.7.6",
      "resolved": "https://registry.npmjs.org/@types/dat.gui/-/dat.gui-0.7.6.tgz",
      "integrity": "sha512-Dx9f9CkXJkDAxt9M05vc7DItSqsiEhWN7Rx3vgO/maltv/nX9TaMX2sd/iAMENnL1D5FivetktJEyCBLFu50CQ=="
    },
    "node_modules/@types/p5": {
      "version": "0.9.1",
      "resolved": "https://registry.npmjs.org/@types/p5/-/p5-0.9.1.tgz",
      "integrity": "sha512-4glOKdqdBiRWDFZwi/MjHudPV2U4t2L4fTTSacGapfFxyNXzZcAshAjqmrJkCIZcFlhRBEAL7AM95xRDMfrIwg=="
    }
  },
  "dependencies": {
    "@types/dat.gui": {
      "version": "0.7.6",
      "resolved": "https://registry.npmjs.org/@types/dat.gui/-/dat.gui-0.7.6.tgz",
      "integrity": "sha512-Dx9f9CkXJkDAxt9M05vc7DItSqsiEhWN7Rx3vgO/maltv/nX9TaMX2sd/iAMENnL1D5FivetktJEyCBLFu50CQ=="
    },
    "@types/p5": {
      "version": "0.9.1",
      "resolved": "https://registry.npmjs.org/@types/p5/-/p5-0.9.1.tgz",
      "integrity": "sha512-4glOKdqdBiRWDFZwi/MjHudPV2U4t2L4fTTSacGapfFxyNXzZcAshAjqmrJkCIZcFlhRBEAL7AM95xRDMfrIwg=="
    }
  }
}
